
Microsoft Visual Studio Solution File, Format Version 12.00
# Visual Studio Version 17
VisualStudioVersion = 17.3.32804.467
MinimumVisualStudioVersion = 10.0.40219.1
Project("{2150E333-8FDC-42A3-9474-1A3956D46DE8}") = "Source Code", "Source Code", "{90EC7EC5-A32B-464F-93C4-056498D0B0DE}"
EndProject
Project("{2150E333-8FDC-42A3-9474-1A3956D46DE8}") = "Tests", "Tests", "{7936DE2C-C864-462A-9CA2-69038C12A360}"
EndProject
Project("{9A19103F-16F7-4668-BE54-9A1E7A4F7556}") = "Pharmacy.Domain", "Pharmacy.Domain\Pharmacy.Domain.csproj", "{FBAADC4F-933D-4290-93C3-C3B46449397C}"
EndProject
Project("{9A19103F-16F7-4668-BE54-9A1E7A4F7556}") = "Pharmacy.Application", "Pharmacy.Application\Pharmacy.Application.csproj", "{D3C4C804-C90C-4E67-9D34-75925101DBE0}"
EndProject
Project("{9A19103F-16F7-4668-BE54-9A1E7A4F7556}") = "Pharmacy.Presentation", "Pharmacy.Presentation\Pharmacy.Presentation.csproj", "{C962A25F-5BBF-4B25-90B2-5247FDB872FA}"
EndProject
Project("{9A19103F-16F7-4668-BE54-9A1E7A4F7556}") = "Pharmacy.Infrastracture", "Pharmacy.Infrastracture\Pharmacy.Infrastracture.csproj", "{99B4D964-E531-4679-BA2C-2AB1F0031943}"
EndProject
Project("{9A19103F-16F7-4668-BE54-9A1E7A4F7556}") = "Pharmacy.SharedKernel", "Pharmacy.SharedKernel\Pharmacy.SharedKernel.csproj", "{A4898C6A-7600-4907-9F85-F62F0DA6B91F}"
EndProject
Project("{9A19103F-16F7-4668-BE54-9A1E7A4F7556}") = "Pharmacy.Web", "Pharmacy.Web\Pharmacy.Web.csproj", "{746D5BEE-C483-4D35-99E7-A5DD73FC4C25}"
EndProject
Project("{9A19103F-16F7-4668-BE54-9A1E7A4F7556}") = "Pharmacy.Adapters", "Pharmacy.Adapters\Pharmacy.Adapters.csproj", "{94FD3D7C-987F-4BB5-8720-EEB8A2E0F618}"
EndProject
Global
	GlobalSection(SolutionConfigurationPlatforms) = preSolution
		Debug|Any CPU = Debug|Any CPU
		Release|Any CPU = Release|Any CPU
	EndGlobalSection
	GlobalSection(ProjectConfigurationPlatforms) = postSolution
		{FBAADC4F-933D-4290-93C3-C3B46449397C}.Debug|Any CPU.ActiveCfg = Debug|Any CPU
		{FBAADC4F-933D-4290-93C3-C3B46449397C}.Debug|Any CPU.Build.0 = Debug|Any CPU
		{FBAADC4F-933D-4290-93C3-C3B46449397C}.Release|Any CPU.ActiveCfg = Release|Any CPU
		{FBAADC4F-933D-4290-93C3-C3B46449397C}.Release|Any CPU.Build.0 = Release|Any CPU
		{D3C4C804-C90C-4E67-9D34-75925101DBE0}.Debug|Any CPU.ActiveCfg = Debug|Any CPU
		{D3C4C804-C90C-4E67-9D34-75925101DBE0}.Debug|Any CPU.Build.0 = Debug|Any CPU
		{D3C4C804-C90C-4E67-9D34-75925101DBE0}.Release|Any CPU.ActiveCfg = Release|Any CPU
		{D3C4C804-C90C-4E67-9D34-75925101DBE0}.Release|Any CPU.Build.0 = Release|Any CPU
		{C962A25F-5BBF-4B25-90B2-5247FDB872FA}.Debug|Any CPU.ActiveCfg = Debug|Any CPU
		{C962A25F-5BBF-4B25-90B2-5247FDB872FA}.Debug|Any CPU.Build.0 = Debug|Any CPU
		{C962A25F-5BBF-4B25-90B2-5247FDB872FA}.Release|Any CPU.ActiveCfg = Release|Any CPU
		{C962A25F-5BBF-4B25-90B2-5247FDB872FA}.Release|Any CPU.Build.0 = Release|Any CPU
		{99B4D964-E531-4679-BA2C-2AB1F0031943}.Debug|Any CPU.ActiveCfg = Debug|Any CPU
		{99B4D964-E531-4679-BA2C-2AB1F0031943}.Debug|Any CPU.Build.0 = Debug|Any CPU
		{99B4D964-E531-4679-BA2C-2AB1F0031943}.Release|Any CPU.ActiveCfg = Release|Any CPU
		{99B4D964-E531-4679-BA2C-2AB1F0031943}.Release|Any CPU.Build.0 = Release|Any CPU
		{A4898C6A-7600-4907-9F85-F62F0DA6B91F}.Debug|Any CPU.ActiveCfg = Debug|Any CPU
		{A4898C6A-7600-4907-9F85-F62F0DA6B91F}.Debug|Any CPU.Build.0 = Debug|Any CPU
		{A4898C6A-7600-4907-9F85-F62F0DA6B91F}.Release|Any CPU.ActiveCfg = Release|Any CPU
		{A4898C6A-7600-4907-9F85-F62F0DA6B91F}.Release|Any CPU.Build.0 = Release|Any CPU
		{746D5BEE-C483-4D35-99E7-A5DD73FC4C25}.Debug|Any CPU.ActiveCfg = Debug|Any CPU
		{746D5BEE-C483-4D35-99E7-A5DD73FC4C25}.Debug|Any CPU.Build.0 = Debug|Any CPU
		{746D5BEE-C483-4D35-99E7-A5DD73FC4C25}.Release|Any CPU.ActiveCfg = Release|Any CPU
		{746D5BEE-C483-4D35-99E7-A5DD73FC4C25}.Release|Any CPU.Build.0 = Release|Any CPU
		{94FD3D7C-987F-4BB5-8720-EEB8A2E0F618}.Debug|Any CPU.ActiveCfg = Debug|Any CPU
		{94FD3D7C-987F-4BB5-8720-EEB8A2E0F618}.Debug|Any CPU.Build.0 = Debug|Any CPU
		{94FD3D7C-987F-4BB5-8720-EEB8A2E0F618}.Release|Any CPU.ActiveCfg = Release|Any CPU
		{94FD3D7C-987F-4BB5-8720-EEB8A2E0F618}.Release|Any CPU.Build.0 = Release|Any CPU
	EndGlobalSection
	GlobalSection(SolutionProperties) = preSolution
		HideSolutionNode = FALSE
	EndGlobalSection
	GlobalSection(NestedProjects) = preSolution
		{FBAADC4F-933D-4290-93C3-C3B46449397C} = {90EC7EC5-A32B-464F-93C4-056498D0B0DE}
		{D3C4C804-C90C-4E67-9D34-75925101DBE0} = {90EC7EC5-A32B-464F-93C4-056498D0B0DE}
		{C962A25F-5BBF-4B25-90B2-5247FDB872FA} = {90EC7EC5-A32B-464F-93C4-056498D0B0DE}
		{99B4D964-E531-4679-BA2C-2AB1F0031943} = {90EC7EC5-A32B-464F-93C4-056498D0B0DE}
		{A4898C6A-7600-4907-9F85-F62F0DA6B91F} = {90EC7EC5-A32B-464F-93C4-056498D0B0DE}
		{746D5BEE-C483-4D35-99E7-A5DD73FC4C25} = {90EC7EC5-A32B-464F-93C4-056498D0B0DE}
		{94FD3D7C-987F-4BB5-8720-EEB8A2E0F618} = {90EC7EC5-A32B-464F-93C4-056498D0B0DE}
	EndGlobalSection
	GlobalSection(ExtensibilityGlobals) = postSolution
		SolutionGuid = {9D89359C-5C99-490E-A33C-14B34280E9AB}
	EndGlobalSection
EndGlobal
